{
  "name": "@1auth/messenger-phone-number",
  "version": "0.0.0-alpha.0",
  "lockfileVersion": 2,
  "requires": true,
  "packages": {
    "": {
      "name": "@1auth/messenger-phone-number",
      "version": "0.0.0-alpha.0",
      "license": "MIT",
      "dependencies": {
        "country-telephone-data": "0.6.3",
        "imask": "6.4.3"
      },
      "engines": {
        "node": ">=16"
      }
    },
    "../authn": {
      "name": "@1auth/authn",
      "version": "0.0.0-alpha.0",
      "extraneous": true,
      "license": "MIT",
      "dependencies": {
        "@1auth/common": "0.0.0-alpha.0",
        "@1auth/crypto": "0.0.0-alpha.0"
      },
      "engines": {
        "node": ">=16"
      }
    },
    "../common": {
      "name": "@1auth/common",
      "version": "0.0.0-alpha.0",
      "extraneous": true,
      "license": "MIT",
      "engines": {
        "node": ">=16"
      }
    },
    "../crypto": {
      "name": "@1auth/crypto",
      "version": "0.0.0-alpha.0",
      "extraneous": true,
      "license": "MIT",
      "dependencies": {
        "@node-rs/argon2": "1.3.0"
      },
      "engines": {
        "node": ">=16"
      }
    },
    "node_modules/country-telephone-data": {
      "version": "0.6.3",
      "resolved": "https://registry.npmjs.org/country-telephone-data/-/country-telephone-data-0.6.3.tgz",
      "integrity": "sha512-3tQLA0vec+NDVlcaHhXGqILq/oQRsv4fRi4EedCfJqUuJUjQGdcSPM8r2IJIT2kZ5yWbiOCkXMgy7YTo8FNS2w=="
    },
    "node_modules/imask": {
      "version": "6.4.3",
      "resolved": "https://registry.npmjs.org/imask/-/imask-6.4.3.tgz",
      "integrity": "sha512-aH2GHemGkr3cbRBfhogHMIx05eUxdHrZNlKTTLmz8VxpSopuHHJ8+85FsDlBVQqxPlDLhZuwj4lpHHWbLOdBSw==",
      "engines": {
        "npm": ">=4.0.0"
      }
    }
  },
  "dependencies": {
    "country-telephone-data": {
      "version": "0.6.3",
      "resolved": "https://registry.npmjs.org/country-telephone-data/-/country-telephone-data-0.6.3.tgz",
      "integrity": "sha512-3tQLA0vec+NDVlcaHhXGqILq/oQRsv4fRi4EedCfJqUuJUjQGdcSPM8r2IJIT2kZ5yWbiOCkXMgy7YTo8FNS2w=="
    },
    "imask": {
      "version": "6.4.3",
      "resolved": "https://registry.npmjs.org/imask/-/imask-6.4.3.tgz",
      "integrity": "sha512-aH2GHemGkr3cbRBfhogHMIx05eUxdHrZNlKTTLmz8VxpSopuHHJ8+85FsDlBVQqxPlDLhZuwj4lpHHWbLOdBSw=="
    }
  }
}
