{
  "name": "@1auth/authn-password",
  "version": "0.0.0-alpha.0",
  "lockfileVersion": 2,
  "requires": true,
  "packages": {
    "": {
      "name": "@1auth/authn-password",
      "version": "0.0.0-alpha.0",
      "license": "MIT",
  "funding": {
    "type": "github",
    "url": "https://github.com/sponsors/willfarrell"
  },
      "dependencies": {
        "@zxcvbn-ts/core": "2.2.0",
        "@zxcvbn-ts/language-common": "2.0.1",
        "@zxcvbn-ts/language-en": "2.1.0",
        "@zxcvbn-ts/language-fr": "2.2.0"
      },
      "engines": {
        "node": ">=16"
      }
    },
    "node_modules/@zxcvbn-ts/core": {
      "version": "2.2.0",
      "resolved": "https://registry.npmjs.org/@zxcvbn-ts/core/-/core-2.2.0.tgz",
      "integrity": "sha512-LPKwI9ZBXGbXhQD39L//c923743yhmiTvnR8cu+u0mpsBt/kRdOJGMUMrbVV0sZZgn0XFc5RokjIxWllghN9kA==",
      "dependencies": {
        "fastest-levenshtein": "1.0.16"
      }
    },
    "node_modules/@zxcvbn-ts/language-common": {
      "version": "2.0.1",
      "resolved": "https://registry.npmjs.org/@zxcvbn-ts/language-common/-/language-common-2.0.1.tgz",
      "integrity": "sha512-P+v5MA/UNc9nb3FEOEoDgTyIGQc2vLc6m04pdf5YyuNOzrL0iNANhECk2TUp62JbrjouJVodqhMH0j1a8/24Bg=="
    },
    "node_modules/@zxcvbn-ts/language-en": {
      "version": "2.1.0",
      "resolved": "https://registry.npmjs.org/@zxcvbn-ts/language-en/-/language-en-2.1.0.tgz",
      "integrity": "sha512-I3n4AAbArjPAZtwCrk9MQnSrcj5+9rq8sic2rUU44fP5QaR17Vk8zDt61+R9dnP9ZRsj09aAUYML4Ash05qZjQ=="
    },
    "node_modules/@zxcvbn-ts/language-fr": {
      "version": "2.2.0",
      "resolved": "https://registry.npmjs.org/@zxcvbn-ts/language-fr/-/language-fr-2.2.0.tgz",
      "integrity": "sha512-KK+vIXm17mZyo7jLmV4T0fT6hh5NOBABdmkCBVpLyXq+rlZpdaz6HgoYLjqq2JbEU3KSZ+gv6qW+2N4dMk3Tlw=="
    },
    "node_modules/fastest-levenshtein": {
      "version": "1.0.16",
      "resolved": "https://registry.npmjs.org/fastest-levenshtein/-/fastest-levenshtein-1.0.16.tgz",
      "integrity": "sha512-eRnCtTTtGZFpQCwhJiUOuxPQWRXVKYDn0b2PeHfXL6/Zi53SLAzAHfVhVWK2AryC/WH05kGfxhFIPvTF0SXQzg==",
      "engines": {
        "node": ">= 4.9.1"
      }
    }
  },
  "dependencies": {
    "@zxcvbn-ts/core": {
      "version": "2.2.0",
      "resolved": "https://registry.npmjs.org/@zxcvbn-ts/core/-/core-2.2.0.tgz",
      "integrity": "sha512-LPKwI9ZBXGbXhQD39L//c923743yhmiTvnR8cu+u0mpsBt/kRdOJGMUMrbVV0sZZgn0XFc5RokjIxWllghN9kA==",
      "requires": {
        "fastest-levenshtein": "1.0.16"
      }
    },
    "@zxcvbn-ts/language-common": {
      "version": "2.0.1",
      "resolved": "https://registry.npmjs.org/@zxcvbn-ts/language-common/-/language-common-2.0.1.tgz",
      "integrity": "sha512-P+v5MA/UNc9nb3FEOEoDgTyIGQc2vLc6m04pdf5YyuNOzrL0iNANhECk2TUp62JbrjouJVodqhMH0j1a8/24Bg=="
    },
    "@zxcvbn-ts/language-en": {
      "version": "2.1.0",
      "resolved": "https://registry.npmjs.org/@zxcvbn-ts/language-en/-/language-en-2.1.0.tgz",
      "integrity": "sha512-I3n4AAbArjPAZtwCrk9MQnSrcj5+9rq8sic2rUU44fP5QaR17Vk8zDt61+R9dnP9ZRsj09aAUYML4Ash05qZjQ=="
    },
    "@zxcvbn-ts/language-fr": {
      "version": "2.2.0",
      "resolved": "https://registry.npmjs.org/@zxcvbn-ts/language-fr/-/language-fr-2.2.0.tgz",
      "integrity": "sha512-KK+vIXm17mZyo7jLmV4T0fT6hh5NOBABdmkCBVpLyXq+rlZpdaz6HgoYLjqq2JbEU3KSZ+gv6qW+2N4dMk3Tlw=="
    },
    "fastest-levenshtein": {
      "version": "1.0.16",
      "resolved": "https://registry.npmjs.org/fastest-levenshtein/-/fastest-levenshtein-1.0.16.tgz",
      "integrity": "sha512-eRnCtTTtGZFpQCwhJiUOuxPQWRXVKYDn0b2PeHfXL6/Zi53SLAzAHfVhVWK2AryC/WH05kGfxhFIPvTF0SXQzg=="
    }
  }
}
