{
  "name": "@1auth/authn-password",
  "version": "0.0.0-alpha.13",
  "lockfileVersion": 3,
  "requires": true,
  "packages": {
    "": {
      "name": "@1auth/authn-password",
      "version": "0.0.0-alpha.13",
      "license": "MIT",
      "dependencies": {
        "@1auth/authn": "0.0.0-alpha.13",
        "@1auth/crypto": "0.0.0-alpha.13",
        "@zxcvbn-ts/core": "3.0.1",
        "@zxcvbn-ts/language-common": "3.0.2",
        "@zxcvbn-ts/language-en": "3.0.1",
        "@zxcvbn-ts/language-fr": "3.0.1"
      },
      "engines": {
        "node": ">=16"
      },
      "funding": {
        "type": "github",
        "url": "https://github.com/sponsors/willfarrell"
      }
    },
    "node_modules/@1auth/authn": {
      "version": "0.0.0-alpha.13",
      "resolved": "https://registry.npmjs.org/@1auth/authn/-/authn-0.0.0-alpha.13.tgz",
      "integrity": "sha512-CAfgsqiFWdUR5vayH87PkARwSNF7NCFU0aVsm0tE6i2YyeqU5spR95PUrVPJLluklWmQq6fy6yRxmIsAKS4miw==",
      "dependencies": {
        "@1auth/crypto": "0.0.0-alpha.13"
      },
      "engines": {
        "node": ">=16"
      },
      "funding": {
        "type": "github",
        "url": "https://github.com/sponsors/willfarrell"
      }
    },
    "node_modules/@1auth/crypto": {
      "version": "0.0.0-alpha.13",
      "resolved": "https://registry.npmjs.org/@1auth/crypto/-/crypto-0.0.0-alpha.13.tgz",
      "integrity": "sha512-ADfEiePW7NfRFwNADt1Ivh70KkKXDR7wtsecXCGe1JgAyVPncDpnJ1NFIacsK3gwiSF/MYAK8OnXl++9Rwd88w==",
      "dependencies": {
        "@node-rs/argon2": "1.5.0"
      },
      "engines": {
        "node": ">=16"
      },
      "funding": {
        "type": "github",
        "url": "https://github.com/sponsors/willfarrell"
      }
    },
    "node_modules/@node-rs/argon2": {
      "version": "1.5.0",
      "resolved": "https://registry.npmjs.org/@node-rs/argon2/-/argon2-1.5.0.tgz",
      "integrity": "sha512-biTtXUTmh1toTjx75e2jyLZ5HGfWW9/zcRoXwHHY/nXVR5jxxsPPSGuOi1yo+bfaFNm2MQ/k9+1K7XbWCeTilg==",
      "engines": {
        "node": ">= 10"
      },
      "optionalDependencies": {
        "@node-rs/argon2-android-arm-eabi": "1.5.0",
        "@node-rs/argon2-android-arm64": "1.5.0",
        "@node-rs/argon2-darwin-arm64": "1.5.0",
        "@node-rs/argon2-darwin-x64": "1.5.0",
        "@node-rs/argon2-freebsd-x64": "1.5.0",
        "@node-rs/argon2-linux-arm-gnueabihf": "1.5.0",
        "@node-rs/argon2-linux-arm64-gnu": "1.5.0",
        "@node-rs/argon2-linux-arm64-musl": "1.5.0",
        "@node-rs/argon2-linux-x64-gnu": "1.5.0",
        "@node-rs/argon2-linux-x64-musl": "1.5.0",
        "@node-rs/argon2-win32-arm64-msvc": "1.5.0",
        "@node-rs/argon2-win32-ia32-msvc": "1.5.0",
        "@node-rs/argon2-win32-x64-msvc": "1.5.0"
      }
    },
    "node_modules/@node-rs/argon2-android-arm-eabi": {
      "version": "1.5.0",
      "resolved": "https://registry.npmjs.org/@node-rs/argon2-android-arm-eabi/-/argon2-android-arm-eabi-1.5.0.tgz",
      "integrity": "sha512-TM/yKNxgpOWZ04fzqajGaZQH2rimyrMsnmEgwLaMKJQbvHKqUbGwnvoN4Ss/MrV7gUOSBJWq7atCYqVqvyYNYg==",
      "cpu": [
        "arm"
      ],
      "optional": true,
      "os": [
        "android"
      ],
      "engines": {
        "node": ">= 10"
      }
    },
    "node_modules/@node-rs/argon2-android-arm64": {
      "version": "1.5.0",
      "resolved": "https://registry.npmjs.org/@node-rs/argon2-android-arm64/-/argon2-android-arm64-1.5.0.tgz",
      "integrity": "sha512-tPEGcRXRnN7TZfySjgOc9Thnv4lKJgxf0vgcS0cCttsBdNnL95YFRwfHHT04xAtK1zBA0+TnvjfNMJgagcRVNw==",
      "cpu": [
        "arm64"
      ],
      "optional": true,
      "os": [
        "android"
      ],
      "engines": {
        "node": ">= 10"
      }
    },
    "node_modules/@node-rs/argon2-darwin-arm64": {
      "version": "1.5.0",
      "resolved": "https://registry.npmjs.org/@node-rs/argon2-darwin-arm64/-/argon2-darwin-arm64-1.5.0.tgz",
      "integrity": "sha512-1r5ehTsEbIx3Nh6YXYZ8o/GC7jeNsF4ADhLbTWvgV0JkPaJCZ0/ybwlJCQgnDvcJRRMxC6uHPqQt5jo0//ZYgg==",
      "cpu": [
        "arm64"
      ],
      "optional": true,
      "os": [
        "darwin"
      ],
      "engines": {
        "node": ">= 10"
      }
    },
    "node_modules/@node-rs/argon2-darwin-x64": {
      "version": "1.5.0",
      "resolved": "https://registry.npmjs.org/@node-rs/argon2-darwin-x64/-/argon2-darwin-x64-1.5.0.tgz",
      "integrity": "sha512-iL5pxdjeCzR6y3Yed5JyUXs9nlErteYrEv5DDMSOzPe1au+uBX6qSxmMNpaQ0oC2bIWXc6JOokWMsLL0WbeL8w==",
      "cpu": [
        "x64"
      ],
      "optional": true,
      "os": [
        "darwin"
      ],
      "engines": {
        "node": ">= 10"
      }
    },
    "node_modules/@node-rs/argon2-freebsd-x64": {
      "version": "1.5.0",
      "resolved": "https://registry.npmjs.org/@node-rs/argon2-freebsd-x64/-/argon2-freebsd-x64-1.5.0.tgz",
      "integrity": "sha512-eV4bf0/Ufpsd6cXVQExiQwbkNxT3Wold5Vj+VX+AhRtv1IGKtNDB3ajo8MbLcUK7jUKNgPYKJG6nWcPSOrZ/jw==",
      "cpu": [
        "x64"
      ],
      "optional": true,
      "os": [
        "freebsd"
      ],
      "engines": {
        "node": ">= 10"
      }
    },
    "node_modules/@node-rs/argon2-linux-arm-gnueabihf": {
      "version": "1.5.0",
      "resolved": "https://registry.npmjs.org/@node-rs/argon2-linux-arm-gnueabihf/-/argon2-linux-arm-gnueabihf-1.5.0.tgz",
      "integrity": "sha512-exR+c1NkxBKcr9ht9YKZ3YK5ltUSOEB8+hF8O2UFBvkNwCcgslI1uysgUnT0fpz5AIEigFxSuUhlSIjXixC0YA==",
      "cpu": [
        "arm"
      ],
      "optional": true,
      "os": [
        "linux"
      ],
      "engines": {
        "node": ">= 10"
      }
    },
    "node_modules/@node-rs/argon2-linux-arm64-gnu": {
      "version": "1.5.0",
      "resolved": "https://registry.npmjs.org/@node-rs/argon2-linux-arm64-gnu/-/argon2-linux-arm64-gnu-1.5.0.tgz",
      "integrity": "sha512-bH5vg/JgUrJ08fD0su3wXG5RW4s2sa5uNb+kZfuEgUQHHBnB78BHQYrYxx1eWECedEZqjPwRKsadpNi1eFqWJg==",
      "cpu": [
        "arm64"
      ],
      "optional": true,
      "os": [
        "linux"
      ],
      "engines": {
        "node": ">= 10"
      }
    },
    "node_modules/@node-rs/argon2-linux-arm64-musl": {
      "version": "1.5.0",
      "resolved": "https://registry.npmjs.org/@node-rs/argon2-linux-arm64-musl/-/argon2-linux-arm64-musl-1.5.0.tgz",
      "integrity": "sha512-dCq0/3gTLDpySGm9YHCC5CC+iapAoeiynvfj9URMpT/wAOV9h04xX3zo0x+QOlkE3hblpylQZT8XbEmHr0OVpw==",
      "cpu": [
        "arm64"
      ],
      "optional": true,
      "os": [
        "linux"
      ],
      "engines": {
        "node": ">= 10"
      }
    },
    "node_modules/@node-rs/argon2-linux-x64-gnu": {
      "version": "1.5.0",
      "resolved": "https://registry.npmjs.org/@node-rs/argon2-linux-x64-gnu/-/argon2-linux-x64-gnu-1.5.0.tgz",
      "integrity": "sha512-Bi8y2hc0d0JCHMHPNRT7TXdEB/0Fw10l/JucB97ksHh2fpz1VLkkMLdgnow3P1cs2xD3cXIfuk3gj6aWtIXx+A==",
      "cpu": [
        "x64"
      ],
      "optional": true,
      "os": [
        "linux"
      ],
      "engines": {
        "node": ">= 10"
      }
    },
    "node_modules/@node-rs/argon2-linux-x64-musl": {
      "version": "1.5.0",
      "resolved": "https://registry.npmjs.org/@node-rs/argon2-linux-x64-musl/-/argon2-linux-x64-musl-1.5.0.tgz",
      "integrity": "sha512-ZOT8b2ht+zsG0QwJimcGNxzpPr3pXn1v+TgwI5p6OsyCClApzDA+Asv3wTczcuTdqgcXQjJzGZdt6TPb9m6t0g==",
      "cpu": [
        "x64"
      ],
      "optional": true,
      "os": [
        "linux"
      ],
      "engines": {
        "node": ">= 10"
      }
    },
    "node_modules/@node-rs/argon2-win32-arm64-msvc": {
      "version": "1.5.0",
      "resolved": "https://registry.npmjs.org/@node-rs/argon2-win32-arm64-msvc/-/argon2-win32-arm64-msvc-1.5.0.tgz",
      "integrity": "sha512-mVHTA4vr3XAGrw8DJtRnLWq6gasC7WTYf0xUDQ8Pa9wmWCcevU1zKtxrc3rsFVmc4nXX0rgBoSx45wntdjUSAw==",
      "cpu": [
        "arm64"
      ],
      "optional": true,
      "os": [
        "win32"
      ],
      "engines": {
        "node": ">= 10"
      }
    },
    "node_modules/@node-rs/argon2-win32-ia32-msvc": {
      "version": "1.5.0",
      "resolved": "https://registry.npmjs.org/@node-rs/argon2-win32-ia32-msvc/-/argon2-win32-ia32-msvc-1.5.0.tgz",
      "integrity": "sha512-QBTcEOT9bXMuL60Sz4Z7r3hwmp3zq2KXmx/3m96kF2KEFnofSkOyeZfgFDSIX0K+xZIiB+b95lcCGWwK56fHIg==",
      "cpu": [
        "ia32"
      ],
      "optional": true,
      "os": [
        "win32"
      ],
      "engines": {
        "node": ">= 10"
      }
    },
    "node_modules/@node-rs/argon2-win32-x64-msvc": {
      "version": "1.5.0",
      "resolved": "https://registry.npmjs.org/@node-rs/argon2-win32-x64-msvc/-/argon2-win32-x64-msvc-1.5.0.tgz",
      "integrity": "sha512-hsiIzZQ4d1Dokzx6vejhKB5RrJdACd488QQ0NWGsz5vl5sh1EwC1GQTEH9NAke7DnvxBgMXVZnPZADbv9ia5jQ==",
      "cpu": [
        "x64"
      ],
      "optional": true,
      "os": [
        "win32"
      ],
      "engines": {
        "node": ">= 10"
      }
    },
    "node_modules/@zxcvbn-ts/core": {
      "version": "3.0.1",
      "resolved": "https://registry.npmjs.org/@zxcvbn-ts/core/-/core-3.0.1.tgz",
      "integrity": "sha512-H8ZCZnSHCpl8hR19C8SoMfOhVgvdn8UI0yK94RyjHyibtEni4YDMgusw0P+x8h6wVGSHmRRoFWL0zBg7ZyHQ8A==",
      "dependencies": {
        "fastest-levenshtein": "1.0.16"
      }
    },
    "node_modules/@zxcvbn-ts/language-common": {
      "version": "3.0.2",
      "resolved": "https://registry.npmjs.org/@zxcvbn-ts/language-common/-/language-common-3.0.2.tgz",
      "integrity": "sha512-GPnf4cuSUZXhx3spjRQLtUoI6/+00f9198gcG8hJDBFR4KYfMvLorAk97MU7qeTkyhzhYLR7yLr/E66vH7ZOaw=="
    },
    "node_modules/@zxcvbn-ts/language-en": {
      "version": "3.0.1",
      "resolved": "https://registry.npmjs.org/@zxcvbn-ts/language-en/-/language-en-3.0.1.tgz",
      "integrity": "sha512-GyWxruQzJkIE3yTutCEU9zNnEIWC65gixMYunMTOc/8iInvzUL7h2l4GSylYZL8k7Whk/cyrKVyNVTYvK4Acog=="
    },
    "node_modules/@zxcvbn-ts/language-fr": {
      "version": "3.0.1",
      "resolved": "https://registry.npmjs.org/@zxcvbn-ts/language-fr/-/language-fr-3.0.1.tgz",
      "integrity": "sha512-pL9hsvlq1DGNkn+0Q3Qsd4SgYkrTG/wHxJ4VGGL2grwW31YSLdMoYO4momQd8Wkl3+PNx+FKDM0oR+26V5eNbg=="
    },
    "node_modules/fastest-levenshtein": {
      "version": "1.0.16",
      "resolved": "https://registry.npmjs.org/fastest-levenshtein/-/fastest-levenshtein-1.0.16.tgz",
      "integrity": "sha512-eRnCtTTtGZFpQCwhJiUOuxPQWRXVKYDn0b2PeHfXL6/Zi53SLAzAHfVhVWK2AryC/WH05kGfxhFIPvTF0SXQzg==",
      "engines": {
        "node": ">= 4.9.1"
      }
    }
  }
}
