{
  "name": "@1auth/authn-access-token",
  "version": "0.0.0-alpha.4",
  "lockfileVersion": 3,
  "requires": true,
  "packages": {
    "": {
      "name": "@1auth/authn-access-token",
      "version": "0.0.0-alpha.4",
      "license": "MIT",
      "dependencies": {
        "@1auth/authn": "0.0.0-alpha.4",
        "@1auth/crypto": "0.0.0-alpha.4"
      },
      "engines": {
        "node": ">=16"
      },
      "funding": {
        "type": "github",
        "url": "https://github.com/sponsors/willfarrell"
      }
    },
    "node_modules/@1auth/authn": {
      "version": "0.0.0-alpha.3",
      "resolved": "https://registry.npmjs.org/@1auth/authn/-/authn-0.0.0-alpha.3.tgz",
      "integrity": "sha512-SHYNQwh4sAwwSeV1NIujTvJ7CIvATSe/xLsZB30DTA833ePC9DyopWEeoy5qOBI00Ag1glTSXxwQDfi3JQ95Xw==",
      "dependencies": {
        "@1auth/crypto": "0.0.0-alpha.3"
      },
      "engines": {
        "node": ">=16"
      },
      "funding": {
        "type": "github",
        "url": "https://github.com/sponsors/willfarrell"
      }
    },
    "node_modules/@1auth/crypto": {
      "version": "0.0.0-alpha.3",
      "resolved": "https://registry.npmjs.org/@1auth/crypto/-/crypto-0.0.0-alpha.3.tgz",
      "integrity": "sha512-xB/zo9b0O1Vfxlj+OHAi6lYstxSrYW7yyHN9Znhzk7aQeDReZLXB6Oq+UBJpIB8nOcoro7mcHbuCshYrOYh++w==",
      "dependencies": {
        "@node-rs/argon2": "1.4.0"
      },
      "engines": {
        "node": ">=16"
      },
      "funding": {
        "type": "github",
        "url": "https://github.com/sponsors/willfarrell"
      }
    },
    "node_modules/@node-rs/argon2": {
      "version": "1.4.0",
      "resolved": "https://registry.npmjs.org/@node-rs/argon2/-/argon2-1.4.0.tgz",
      "integrity": "sha512-URtsI2cRfOa2IimjyNkJEepbOzyncLLxXWljljYl8j+iv2E6kQlGZeWtTB3EA1nUsqvwInqZvNGBvQXpdeEMBw==",
      "engines": {
        "node": ">= 10"
      },
      "optionalDependencies": {
        "@node-rs/argon2-android-arm-eabi": "1.4.0",
        "@node-rs/argon2-android-arm64": "1.4.0",
        "@node-rs/argon2-darwin-arm64": "1.4.0",
        "@node-rs/argon2-darwin-x64": "1.4.0",
        "@node-rs/argon2-freebsd-x64": "1.4.0",
        "@node-rs/argon2-linux-arm-gnueabihf": "1.4.0",
        "@node-rs/argon2-linux-arm64-gnu": "1.4.0",
        "@node-rs/argon2-linux-arm64-musl": "1.4.0",
        "@node-rs/argon2-linux-x64-gnu": "1.4.0",
        "@node-rs/argon2-linux-x64-musl": "1.4.0",
        "@node-rs/argon2-win32-arm64-msvc": "1.4.0",
        "@node-rs/argon2-win32-ia32-msvc": "1.4.0",
        "@node-rs/argon2-win32-x64-msvc": "1.4.0"
      }
    },
    "node_modules/@node-rs/argon2-android-arm-eabi": {
      "version": "1.4.0",
      "resolved": "https://registry.npmjs.org/@node-rs/argon2-android-arm-eabi/-/argon2-android-arm-eabi-1.4.0.tgz",
      "integrity": "sha512-9mgTtuR8Nev04ImjPlq458OOa0Ql2Z5iQLIq87ecGAWgJgDY79sUBDtazDFKfhTfqUYrBaJBtSCU12tuw5QjCw==",
      "cpu": [
        "arm"
      ],
      "optional": true,
      "os": [
        "android"
      ],
      "engines": {
        "node": ">= 10"
      }
    },
    "node_modules/@node-rs/argon2-android-arm64": {
      "version": "1.4.0",
      "resolved": "https://registry.npmjs.org/@node-rs/argon2-android-arm64/-/argon2-android-arm64-1.4.0.tgz",
      "integrity": "sha512-NFLDSTIZkVC9aV1g6n0SwsJE/6mp6qXYT8Hg7TQMj0ilSum8j3PH5rtA1yV13rA0quIhxuPvFt+qRR59oGXyuw==",
      "cpu": [
        "arm64"
      ],
      "optional": true,
      "os": [
        "android"
      ],
      "engines": {
        "node": ">= 10"
      }
    },
    "node_modules/@node-rs/argon2-darwin-arm64": {
      "version": "1.4.0",
      "resolved": "https://registry.npmjs.org/@node-rs/argon2-darwin-arm64/-/argon2-darwin-arm64-1.4.0.tgz",
      "integrity": "sha512-o6X1Ns8dW9U1ldwO+MJOz5qTY8GjRSGkEuhl+QOuA6nMwhi+JbnWzj28mLQRRMhfVS7scMnv8uOG/j7NYa6vUA==",
      "cpu": [
        "arm64"
      ],
      "optional": true,
      "os": [
        "darwin"
      ],
      "engines": {
        "node": ">= 10"
      }
    },
    "node_modules/@node-rs/argon2-darwin-x64": {
      "version": "1.4.0",
      "resolved": "https://registry.npmjs.org/@node-rs/argon2-darwin-x64/-/argon2-darwin-x64-1.4.0.tgz",
      "integrity": "sha512-0xZQ6UhmmdhIykuV1dvt8qQNUD7cSYKMXwRWZRiH4uKYypImkNpuVyefKeMGRAoXTS5LlbGmqDkKhw+/gvZAeA==",
      "cpu": [
        "x64"
      ],
      "optional": true,
      "os": [
        "darwin"
      ],
      "engines": {
        "node": ">= 10"
      }
    },
    "node_modules/@node-rs/argon2-freebsd-x64": {
      "version": "1.4.0",
      "resolved": "https://registry.npmjs.org/@node-rs/argon2-freebsd-x64/-/argon2-freebsd-x64-1.4.0.tgz",
      "integrity": "sha512-JWWdhkVONIiiIOtLvayJAuqJ6diG0R8jP8lOLyTXmn22lsW7zfgpSds9pSsHbnwsMSYKU48KKV22yn87vBN6xw==",
      "cpu": [
        "x64"
      ],
      "optional": true,
      "os": [
        "freebsd"
      ],
      "engines": {
        "node": ">= 10"
      }
    },
    "node_modules/@node-rs/argon2-linux-arm-gnueabihf": {
      "version": "1.4.0",
      "resolved": "https://registry.npmjs.org/@node-rs/argon2-linux-arm-gnueabihf/-/argon2-linux-arm-gnueabihf-1.4.0.tgz",
      "integrity": "sha512-aikrlE+mhcE3OLwzp2c9pZSpTLxLXS/sPW8JeeZPVdYyyKvaPAj+95H2GTCJJ/lac3sW4HHI60m4gxNBVvgtTg==",
      "cpu": [
        "arm"
      ],
      "optional": true,
      "os": [
        "linux"
      ],
      "engines": {
        "node": ">= 10"
      }
    },
    "node_modules/@node-rs/argon2-linux-arm64-gnu": {
      "version": "1.4.0",
      "resolved": "https://registry.npmjs.org/@node-rs/argon2-linux-arm64-gnu/-/argon2-linux-arm64-gnu-1.4.0.tgz",
      "integrity": "sha512-BEZby/Pto7BYSSGylYN8tUcr/vyk88Zslw83P+P/0JzHetpJwMNIYX2KvOYx5fP0GyPNOXWyRlIrTxqU7cBPTQ==",
      "cpu": [
        "arm64"
      ],
      "optional": true,
      "os": [
        "linux"
      ],
      "engines": {
        "node": ">= 10"
      }
    },
    "node_modules/@node-rs/argon2-linux-arm64-musl": {
      "version": "1.4.0",
      "resolved": "https://registry.npmjs.org/@node-rs/argon2-linux-arm64-musl/-/argon2-linux-arm64-musl-1.4.0.tgz",
      "integrity": "sha512-O5SCo1dtIyKjyNU06erjcXlmRHYgY4/3UyXAkmHim+pgfA23Luyy+VPgoHpeUiFTG1uKiAyKnA/KIbTP7R1cXw==",
      "cpu": [
        "arm64"
      ],
      "optional": true,
      "os": [
        "linux"
      ],
      "engines": {
        "node": ">= 10"
      }
    },
    "node_modules/@node-rs/argon2-linux-x64-gnu": {
      "version": "1.4.0",
      "resolved": "https://registry.npmjs.org/@node-rs/argon2-linux-x64-gnu/-/argon2-linux-x64-gnu-1.4.0.tgz",
      "integrity": "sha512-vwK1qjEMIan/9VW/9Z6HUCtWcbNtZvuoFF1WF8HNYl7FRMLa6ghMklA4izmbzbKOtPFGKiNTez2Af4Tc00oaZQ==",
      "cpu": [
        "x64"
      ],
      "optional": true,
      "os": [
        "linux"
      ],
      "engines": {
        "node": ">= 10"
      }
    },
    "node_modules/@node-rs/argon2-linux-x64-musl": {
      "version": "1.4.0",
      "resolved": "https://registry.npmjs.org/@node-rs/argon2-linux-x64-musl/-/argon2-linux-x64-musl-1.4.0.tgz",
      "integrity": "sha512-1LVq9dQXe3O+xBpWSck0Fa7hlLpG7W6uKD95ysfnIMw7oTCg5QSXQ/Oo3aIPh4Uibv3ume93ajWG4WjdWp9aMQ==",
      "cpu": [
        "x64"
      ],
      "optional": true,
      "os": [
        "linux"
      ],
      "engines": {
        "node": ">= 10"
      }
    },
    "node_modules/@node-rs/argon2-win32-arm64-msvc": {
      "version": "1.4.0",
      "resolved": "https://registry.npmjs.org/@node-rs/argon2-win32-arm64-msvc/-/argon2-win32-arm64-msvc-1.4.0.tgz",
      "integrity": "sha512-BN+/522fRi81Fz5VAVburE+FWGmL69knT8JSSsIWiPLvLUigNifGf2dzX8L7BGD1Jo2ebxxmdVwdqRt2Xi4uLw==",
      "cpu": [
        "arm64"
      ],
      "optional": true,
      "os": [
        "win32"
      ],
      "engines": {
        "node": ">= 10"
      }
    },
    "node_modules/@node-rs/argon2-win32-ia32-msvc": {
      "version": "1.4.0",
      "resolved": "https://registry.npmjs.org/@node-rs/argon2-win32-ia32-msvc/-/argon2-win32-ia32-msvc-1.4.0.tgz",
      "integrity": "sha512-dXgBBFzvijaDyzFHpFx9QBrIiMoPCNYOSDwhesvjHeBVtN8qul0muwBlnu2M2ksntkfTZT4zk6/L/BjqQDeWXA==",
      "cpu": [
        "ia32"
      ],
      "optional": true,
      "os": [
        "win32"
      ],
      "engines": {
        "node": ">= 10"
      }
    },
    "node_modules/@node-rs/argon2-win32-x64-msvc": {
      "version": "1.4.0",
      "resolved": "https://registry.npmjs.org/@node-rs/argon2-win32-x64-msvc/-/argon2-win32-x64-msvc-1.4.0.tgz",
      "integrity": "sha512-JMf0wF1dK743yVuBDlylS/PHSLW7cs4Qq/eMmvt9Rh56cRon9UhENLLWbM9ZOrwoB/o28dzibHGhu/kps43g4Q==",
      "cpu": [
        "x64"
      ],
      "optional": true,
      "os": [
        "win32"
      ],
      "engines": {
        "node": ">= 10"
      }
    }
  }
}
