{
  "name": "@1auth/authn-access-token",
  "version": "0.0.0-alpha.29",
  "lockfileVersion": 3,
  "requires": true,
  "packages": {
    "": {
      "name": "@1auth/authn-access-token",
      "version": "0.0.0-alpha.29",
      "license": "MIT",
      "dependencies": {
        "@1auth/authn": "0.0.0-alpha.29",
        "@1auth/crypto": "0.0.0-alpha.29"
      },
      "engines": {
        "node": ">=16"
      },
      "funding": {
        "type": "github",
        "url": "https://github.com/sponsors/willfarrell"
      }
    },
    "node_modules/@1auth/authn": {
      "version": "0.0.0-alpha.28",
      "resolved": "https://registry.npmjs.org/@1auth/authn/-/authn-0.0.0-alpha.28.tgz",
      "integrity": "sha512-r+TsF/iz6sXa77Hp9prJKzl55PdZ8R16XZpFVIQKsqC+/jnFCWuSBMQcYOvXug1dtBvFPecrMONGghsmlCIzhg==",
      "dependencies": {
        "@1auth/crypto": "0.0.0-alpha.28"
      },
      "engines": {
        "node": ">=16"
      },
      "funding": {
        "type": "github",
        "url": "https://github.com/sponsors/willfarrell"
      }
    },
    "node_modules/@1auth/crypto": {
      "version": "0.0.0-alpha.28",
      "resolved": "https://registry.npmjs.org/@1auth/crypto/-/crypto-0.0.0-alpha.28.tgz",
      "integrity": "sha512-oO0ZaK/hs2Qk+0SZ1PM2SVfQ710CjILno3a8fmW/qzE3U/KYJ56JUGFj6BlHxvrdUC+fLQm3WD7h51aleeenig==",
      "dependencies": {
        "@node-rs/argon2": "1.6.1"
      },
      "engines": {
        "node": ">=16"
      },
      "funding": {
        "type": "github",
        "url": "https://github.com/sponsors/willfarrell"
      }
    },
    "node_modules/@emnapi/core": {
      "version": "0.45.0",
      "resolved": "https://registry.npmjs.org/@emnapi/core/-/core-0.45.0.tgz",
      "integrity": "sha512-DPWjcUDQkCeEM4VnljEOEcXdAD7pp8zSZsgOujk/LGIwCXWbXJngin+MO4zbH429lzeC3WbYLGjE2MaUOwzpyw==",
      "optional": true,
      "dependencies": {
        "tslib": "^2.4.0"
      }
    },
    "node_modules/@emnapi/runtime": {
      "version": "0.45.0",
      "resolved": "https://registry.npmjs.org/@emnapi/runtime/-/runtime-0.45.0.tgz",
      "integrity": "sha512-Txumi3td7J4A/xTTwlssKieHKTGl3j4A1tglBx72auZ49YK7ePY6XZricgIg9mnZT4xPfA+UPCUdnhRuEFDL+w==",
      "optional": true,
      "dependencies": {
        "tslib": "^2.4.0"
      }
    },
    "node_modules/@node-rs/argon2": {
      "version": "1.6.1",
      "resolved": "https://registry.npmjs.org/@node-rs/argon2/-/argon2-1.6.1.tgz",
      "integrity": "sha512-5vYE6PXnwpNEdlalC+0ygvZrHS5++43QsxHM3v+SfbhZL8utoHjkiN8VugKIpi4DPtCr+PMmQ24qZX8E8UK57Q==",
      "engines": {
        "node": ">= 10"
      },
      "optionalDependencies": {
        "@node-rs/argon2-android-arm-eabi": "1.6.1",
        "@node-rs/argon2-android-arm64": "1.6.1",
        "@node-rs/argon2-darwin-arm64": "1.6.1",
        "@node-rs/argon2-darwin-x64": "1.6.1",
        "@node-rs/argon2-freebsd-x64": "1.6.1",
        "@node-rs/argon2-linux-arm-gnueabihf": "1.6.1",
        "@node-rs/argon2-linux-arm64-gnu": "1.6.1",
        "@node-rs/argon2-linux-arm64-musl": "1.6.1",
        "@node-rs/argon2-linux-x64-gnu": "1.6.1",
        "@node-rs/argon2-linux-x64-musl": "1.6.1",
        "@node-rs/argon2-wasm32-wasi": "1.6.1",
        "@node-rs/argon2-win32-arm64-msvc": "1.6.1",
        "@node-rs/argon2-win32-ia32-msvc": "1.6.1",
        "@node-rs/argon2-win32-x64-msvc": "1.6.1"
      }
    },
    "node_modules/@node-rs/argon2-android-arm-eabi": {
      "version": "1.6.1",
      "resolved": "https://registry.npmjs.org/@node-rs/argon2-android-arm-eabi/-/argon2-android-arm-eabi-1.6.1.tgz",
      "integrity": "sha512-tE6vyT7sBx0XXmvzH+1q58XB8qoy7ZeiNgGpoMunO/97ssvYKcgvIfbkVao8aHHClmjZvWb2Juy598I5AkR30w==",
      "cpu": [
        "arm"
      ],
      "optional": true,
      "os": [
        "android"
      ],
      "engines": {
        "node": ">= 10"
      }
    },
    "node_modules/@node-rs/argon2-android-arm64": {
      "version": "1.6.1",
      "resolved": "https://registry.npmjs.org/@node-rs/argon2-android-arm64/-/argon2-android-arm64-1.6.1.tgz",
      "integrity": "sha512-3HYc9lOZ63j71sSFjpVTgu1HUg2O94HvVz66j47Ia8Qq6wjpQusUebeUigMIRPq6Ewh6AgeGv5fxe0cQLGqHlw==",
      "cpu": [
        "arm64"
      ],
      "optional": true,
      "os": [
        "android"
      ],
      "engines": {
        "node": ">= 10"
      }
    },
    "node_modules/@node-rs/argon2-darwin-arm64": {
      "version": "1.6.1",
      "resolved": "https://registry.npmjs.org/@node-rs/argon2-darwin-arm64/-/argon2-darwin-arm64-1.6.1.tgz",
      "integrity": "sha512-rJ0OluVhSa4xYc5yQvuzgEPctn/xT10qPyEYQmJ0bBKOA1U75nI20ZAhVdz5olWIBuIsS3vmNEQ5vjrY+DC5Yw==",
      "cpu": [
        "arm64"
      ],
      "optional": true,
      "os": [
        "darwin"
      ],
      "engines": {
        "node": ">= 10"
      }
    },
    "node_modules/@node-rs/argon2-darwin-x64": {
      "version": "1.6.1",
      "resolved": "https://registry.npmjs.org/@node-rs/argon2-darwin-x64/-/argon2-darwin-x64-1.6.1.tgz",
      "integrity": "sha512-7j6ZLB77XbrF0jpV2ur1cE42mfYf5L6O0coco04yH7wRbIGIKupS7CW+7ZGWR7zqi3RCV1AM2Qdq8FyXuZkZJA==",
      "cpu": [
        "x64"
      ],
      "optional": true,
      "os": [
        "darwin"
      ],
      "engines": {
        "node": ">= 10"
      }
    },
    "node_modules/@node-rs/argon2-freebsd-x64": {
      "version": "1.6.1",
      "resolved": "https://registry.npmjs.org/@node-rs/argon2-freebsd-x64/-/argon2-freebsd-x64-1.6.1.tgz",
      "integrity": "sha512-lycNRomwXJv/O30iP6b6kcXbVRk5vCv2aX44ZeeGrGYWAR0Wz0RWHLe884CmnUW1RoFGN2517PHIPP66TCKJbQ==",
      "cpu": [
        "x64"
      ],
      "optional": true,
      "os": [
        "freebsd"
      ],
      "engines": {
        "node": ">= 10"
      }
    },
    "node_modules/@node-rs/argon2-linux-arm-gnueabihf": {
      "version": "1.6.1",
      "resolved": "https://registry.npmjs.org/@node-rs/argon2-linux-arm-gnueabihf/-/argon2-linux-arm-gnueabihf-1.6.1.tgz",
      "integrity": "sha512-/4FdsWZT8xGiZEIz21bS0sz/3aG6+GaEgFSyr1wF6ui2xdr4nhobOUxhkaPXR1vOwIE3v9B5YB5uehtSCdNTHw==",
      "cpu": [
        "arm"
      ],
      "optional": true,
      "os": [
        "linux"
      ],
      "engines": {
        "node": ">= 10"
      }
    },
    "node_modules/@node-rs/argon2-linux-arm64-gnu": {
      "version": "1.6.1",
      "resolved": "https://registry.npmjs.org/@node-rs/argon2-linux-arm64-gnu/-/argon2-linux-arm64-gnu-1.6.1.tgz",
      "integrity": "sha512-GpWZPsc8sy7aNdeV2W6pCPxvXriq+d4pbKX5JsRDzsfyF7OkN6O7ysJ2pYXe6Hvfmr4syVnZ+XVAhs74JPUEVg==",
      "cpu": [
        "arm64"
      ],
      "optional": true,
      "os": [
        "linux"
      ],
      "engines": {
        "node": ">= 10"
      }
    },
    "node_modules/@node-rs/argon2-linux-arm64-musl": {
      "version": "1.6.1",
      "resolved": "https://registry.npmjs.org/@node-rs/argon2-linux-arm64-musl/-/argon2-linux-arm64-musl-1.6.1.tgz",
      "integrity": "sha512-GuMNkb/BtJBXDUDlgAu31limYbRBNryo6mHV0f3/qUveQP4+LZYx5zD2WorqawNAB4SjdAxJBc4rJgmqabHJDw==",
      "cpu": [
        "arm64"
      ],
      "optional": true,
      "os": [
        "linux"
      ],
      "engines": {
        "node": ">= 10"
      }
    },
    "node_modules/@node-rs/argon2-linux-x64-gnu": {
      "version": "1.6.1",
      "resolved": "https://registry.npmjs.org/@node-rs/argon2-linux-x64-gnu/-/argon2-linux-x64-gnu-1.6.1.tgz",
      "integrity": "sha512-wXtK5klEHYQx99jGjpWFiKhsjenhms4tc7bZOXiKf1WPnYwQNzpmuDmGGufxDX2KrdXRbSVD+DKJZCdxp/uSkg==",
      "cpu": [
        "x64"
      ],
      "optional": true,
      "os": [
        "linux"
      ],
      "engines": {
        "node": ">= 10"
      }
    },
    "node_modules/@node-rs/argon2-linux-x64-musl": {
      "version": "1.6.1",
      "resolved": "https://registry.npmjs.org/@node-rs/argon2-linux-x64-musl/-/argon2-linux-x64-musl-1.6.1.tgz",
      "integrity": "sha512-fKJNzFe4QZ3/+C4BuYXK+Je9H2/AY2ojj4Gbr/aFYleu3B/S0pDMvLRKqb3yx5FGeyPBkrKwMrscCqPxAFKJbw==",
      "cpu": [
        "x64"
      ],
      "optional": true,
      "os": [
        "linux"
      ],
      "engines": {
        "node": ">= 10"
      }
    },
    "node_modules/@node-rs/argon2-wasm32-wasi": {
      "version": "1.6.1",
      "resolved": "https://registry.npmjs.org/@node-rs/argon2-wasm32-wasi/-/argon2-wasm32-wasi-1.6.1.tgz",
      "integrity": "sha512-wv1eciTy1WHP34dufxYT02lkiS2qXXeY2wPit7qA8iKlEzAOMzOxbbk9ePWFGTGaYHqgjzy+gXAbunJ/uv8NmQ==",
      "cpu": [
        "wasm32"
      ],
      "optional": true,
      "dependencies": {
        "@emnapi/core": "^0.45.0",
        "@emnapi/runtime": "^0.45.0"
      },
      "engines": {
        "node": ">=14.0.0"
      }
    },
    "node_modules/@node-rs/argon2-win32-arm64-msvc": {
      "version": "1.6.1",
      "resolved": "https://registry.npmjs.org/@node-rs/argon2-win32-arm64-msvc/-/argon2-win32-arm64-msvc-1.6.1.tgz",
      "integrity": "sha512-9tbGPwUGWsuWl9JGeMusaRsCDQeO39H3H7lZRVAPgPtP4UUU/jSzLgi4WA37E6XF9ZSFr+V82Gb+isXOTTm+1w==",
      "cpu": [
        "arm64"
      ],
      "optional": true,
      "os": [
        "win32"
      ],
      "engines": {
        "node": ">= 10"
      }
    },
    "node_modules/@node-rs/argon2-win32-ia32-msvc": {
      "version": "1.6.1",
      "resolved": "https://registry.npmjs.org/@node-rs/argon2-win32-ia32-msvc/-/argon2-win32-ia32-msvc-1.6.1.tgz",
      "integrity": "sha512-mZfF/FSop7OPU1LR9j+i7n4SRBjZoAOBzcgcQGWx6DSoL3vSJItJ5qm1dZ923PpsyMm2iUTQyejGgR98tOhpnQ==",
      "cpu": [
        "ia32"
      ],
      "optional": true,
      "os": [
        "win32"
      ],
      "engines": {
        "node": ">= 10"
      }
    },
    "node_modules/@node-rs/argon2-win32-x64-msvc": {
      "version": "1.6.1",
      "resolved": "https://registry.npmjs.org/@node-rs/argon2-win32-x64-msvc/-/argon2-win32-x64-msvc-1.6.1.tgz",
      "integrity": "sha512-y2FPYGXHEaSodc/ZIjELbxXTz4x84fdbDBELcWLBoPNJEy3z4P5bJDrUn5rP8VbIFcaJ9HwUmQP54PFemF4ReQ==",
      "cpu": [
        "x64"
      ],
      "optional": true,
      "os": [
        "win32"
      ],
      "engines": {
        "node": ">= 10"
      }
    },
    "node_modules/tslib": {
      "version": "2.6.2",
      "resolved": "https://registry.npmjs.org/tslib/-/tslib-2.6.2.tgz",
      "integrity": "sha512-AEYxH93jGFPn/a2iVAwW87VuUIkR1FVUKB77NwMF7nBTDkDrrT/Hpt/IrCJ0QXhW27jTBDcf5ZY7w6RiqTMw2Q==",
      "optional": true
    }
  }
}
