{
  "name": "@1auth/notify-console",
  "version": "0.0.0-alpha.29",
  "lockfileVersion": 3,
  "requires": true,
  "packages": {
    "": {
      "name": "@1auth/notify-console",
      "version": "0.0.0-alpha.29",
      "license": "MIT",
      "engines": {
        "node": ">=16"
      },
      "funding": {
        "type": "github",
        "url": "https://github.com/sponsors/willfarrell"
      }
    }
  }
}
