{
  "name": "@1auth/authn",
  "version": "0.0.0-alpha.2",
  "lockfileVersion": 3,
  "requires": true,
  "packages": {
    "": {
      "name": "@1auth/authn",
      "version": "0.0.0-alpha.2",
      "license": "MIT",
      "dependencies": {
        "@1auth/crypto": "0.0.0-alpha.2"
      },
      "engines": {
        "node": ">=16"
      },
      "funding": {
        "type": "github",
        "url": "https://github.com/sponsors/willfarrell"
      }
    },
    "node_modules/@1auth/crypto": {
      "version": "0.0.0-alpha.1",
      "resolved": "https://registry.npmjs.org/@1auth/crypto/-/crypto-0.0.0-alpha.1.tgz",
      "integrity": "sha512-PBslGzN/3y6+ucuF9tzvGIQ+zPBAaBnN93DDoLBVi+4SdT+h4b/FYyOnwaNJOrkf8yFkdiq3RZufnKkKWguoug==",
      "dependencies": {
        "@node-rs/argon2": "1.3.0"
      },
      "engines": {
        "node": ">=16"
      },
      "funding": {
        "type": "github",
        "url": "https://github.com/sponsors/willfarrell"
      }
    },
    "node_modules/@node-rs/argon2": {
      "version": "1.3.0",
      "resolved": "https://registry.npmjs.org/@node-rs/argon2/-/argon2-1.3.0.tgz",
      "integrity": "sha512-vryKPptdMCQpxF9/xy/4JkPfUKjz4WIKoufYNzhWykY/Fqf9vyzqn4nlm4FsQ2Z/2AF7ZCep3kXomfFjR+ZnvQ==",
      "engines": {
        "node": ">= 10"
      },
      "optionalDependencies": {
        "@node-rs/argon2-android-arm-eabi": "1.3.0",
        "@node-rs/argon2-android-arm64": "1.3.0",
        "@node-rs/argon2-darwin-arm64": "1.3.0",
        "@node-rs/argon2-darwin-x64": "1.3.0",
        "@node-rs/argon2-freebsd-x64": "1.3.0",
        "@node-rs/argon2-linux-arm-gnueabihf": "1.3.0",
        "@node-rs/argon2-linux-arm64-gnu": "1.3.0",
        "@node-rs/argon2-linux-arm64-musl": "1.3.0",
        "@node-rs/argon2-linux-x64-gnu": "1.3.0",
        "@node-rs/argon2-linux-x64-musl": "1.3.0",
        "@node-rs/argon2-win32-arm64-msvc": "1.3.0",
        "@node-rs/argon2-win32-ia32-msvc": "1.3.0",
        "@node-rs/argon2-win32-x64-msvc": "1.3.0"
      }
    },
    "node_modules/@node-rs/argon2-android-arm-eabi": {
      "version": "1.3.0",
      "resolved": "https://registry.npmjs.org/@node-rs/argon2-android-arm-eabi/-/argon2-android-arm-eabi-1.3.0.tgz",
      "integrity": "sha512-wyKcV5clr8P26Y02S2uGWsW/42XXqqbsj2zkrv4kVr9elZNMV5g2tVSxNHvQQuBISDBDY1F/6K9KDkb4jaAi6g==",
      "cpu": [
        "arm"
      ],
      "optional": true,
      "os": [
        "android"
      ],
      "engines": {
        "node": ">= 10"
      }
    },
    "node_modules/@node-rs/argon2-android-arm64": {
      "version": "1.3.0",
      "resolved": "https://registry.npmjs.org/@node-rs/argon2-android-arm64/-/argon2-android-arm64-1.3.0.tgz",
      "integrity": "sha512-gz6WNtPXzxlouScCf7Lkmk8gphpSz3Yv486X6oG7cGNh7gPq9Hnud7tL/MaV1MwWVlbXAfgfwuaTPM97I9CdRA==",
      "cpu": [
        "arm64"
      ],
      "optional": true,
      "os": [
        "android"
      ],
      "engines": {
        "node": ">= 10"
      }
    },
    "node_modules/@node-rs/argon2-darwin-arm64": {
      "version": "1.3.0",
      "resolved": "https://registry.npmjs.org/@node-rs/argon2-darwin-arm64/-/argon2-darwin-arm64-1.3.0.tgz",
      "integrity": "sha512-ZD7f0xVtkTz2S5uks8thQkSvmIot/9lXw1bb7HrDXgu+b1JnlxT5Put6AAgTRu8ZHdR28/2fKx7bkLjLQeUICQ==",
      "cpu": [
        "arm64"
      ],
      "optional": true,
      "os": [
        "darwin"
      ],
      "engines": {
        "node": ">= 10"
      }
    },
    "node_modules/@node-rs/argon2-darwin-x64": {
      "version": "1.3.0",
      "resolved": "https://registry.npmjs.org/@node-rs/argon2-darwin-x64/-/argon2-darwin-x64-1.3.0.tgz",
      "integrity": "sha512-HiRCajZsA5lCV1Ivg65ar3/EJph1GFHkRfRENgSA6y0LkE3SjaLDizW2aNXhXuKiCKEBXZbdJ/g6tVrMXpwx0Q==",
      "cpu": [
        "x64"
      ],
      "optional": true,
      "os": [
        "darwin"
      ],
      "engines": {
        "node": ">= 10"
      }
    },
    "node_modules/@node-rs/argon2-freebsd-x64": {
      "version": "1.3.0",
      "resolved": "https://registry.npmjs.org/@node-rs/argon2-freebsd-x64/-/argon2-freebsd-x64-1.3.0.tgz",
      "integrity": "sha512-c7jvxs8/zwuX1mRyMyTNS5BYXai5JI5vwkXGJfqI6G0xBkxBcCOTt/eW2wLi8+HvyI+OT21yHxfkYpoTOmrvjQ==",
      "cpu": [
        "x64"
      ],
      "optional": true,
      "os": [
        "freebsd"
      ],
      "engines": {
        "node": ">= 10"
      }
    },
    "node_modules/@node-rs/argon2-linux-arm-gnueabihf": {
      "version": "1.3.0",
      "resolved": "https://registry.npmjs.org/@node-rs/argon2-linux-arm-gnueabihf/-/argon2-linux-arm-gnueabihf-1.3.0.tgz",
      "integrity": "sha512-+f6mkIvk+bRjoOwri+4kugSLZm8mWaBV6AnN4OXIioFCVJVBs7vQAdNDsXqVp8n4ICbeJwLvRJZbo95e5LHy7g==",
      "cpu": [
        "arm"
      ],
      "optional": true,
      "os": [
        "linux"
      ],
      "engines": {
        "node": ">= 10"
      }
    },
    "node_modules/@node-rs/argon2-linux-arm64-gnu": {
      "version": "1.3.0",
      "resolved": "https://registry.npmjs.org/@node-rs/argon2-linux-arm64-gnu/-/argon2-linux-arm64-gnu-1.3.0.tgz",
      "integrity": "sha512-TFke2MxgGQSTz1uw3NlYpoML2E0QHeMk8GUWYImFeboNDKc2EGKnIw4iy+Nku8dhZYmSncfp10bg386eTCFy4g==",
      "cpu": [
        "arm64"
      ],
      "optional": true,
      "os": [
        "linux"
      ],
      "engines": {
        "node": ">= 10"
      }
    },
    "node_modules/@node-rs/argon2-linux-arm64-musl": {
      "version": "1.3.0",
      "resolved": "https://registry.npmjs.org/@node-rs/argon2-linux-arm64-musl/-/argon2-linux-arm64-musl-1.3.0.tgz",
      "integrity": "sha512-YaTBQtmeaKYFsTdkvX0OP7NJY0icVNMfbvgM8E1lBuXbPxLjNo1LbczS7B+ypZevaeP6LHrRInblP7gOFxieAA==",
      "cpu": [
        "arm64"
      ],
      "optional": true,
      "os": [
        "linux"
      ],
      "engines": {
        "node": ">= 10"
      }
    },
    "node_modules/@node-rs/argon2-linux-x64-gnu": {
      "version": "1.3.0",
      "resolved": "https://registry.npmjs.org/@node-rs/argon2-linux-x64-gnu/-/argon2-linux-x64-gnu-1.3.0.tgz",
      "integrity": "sha512-5DmP9U+MlLKbFYt692Lpv9VsCJZNCEK8ox8Glq4krmvniNfbHSvAydTsLp80QxtKK3YkJHEj580txzUT8jB77w==",
      "cpu": [
        "x64"
      ],
      "optional": true,
      "os": [
        "linux"
      ],
      "engines": {
        "node": ">= 10"
      }
    },
    "node_modules/@node-rs/argon2-linux-x64-musl": {
      "version": "1.3.0",
      "resolved": "https://registry.npmjs.org/@node-rs/argon2-linux-x64-musl/-/argon2-linux-x64-musl-1.3.0.tgz",
      "integrity": "sha512-Yd30iBLIqVhmjQPkFQlM1cfG0C5TQa9pMh/qHP8D65TZITffR4eO/sqPu63rRsvTi492KLzIazCdHl/ZePBAFA==",
      "cpu": [
        "x64"
      ],
      "optional": true,
      "os": [
        "linux"
      ],
      "engines": {
        "node": ">= 10"
      }
    },
    "node_modules/@node-rs/argon2-win32-arm64-msvc": {
      "version": "1.3.0",
      "resolved": "https://registry.npmjs.org/@node-rs/argon2-win32-arm64-msvc/-/argon2-win32-arm64-msvc-1.3.0.tgz",
      "integrity": "sha512-3Et6I29ME53p2KJI1BBkFtYU3U3eZNrSEp5am3amhiDwYnt+dLXavONh3IWOyubdhMNEcUL9LQb/Cgt0iUFv4g==",
      "cpu": [
        "arm64"
      ],
      "optional": true,
      "os": [
        "win32"
      ],
      "engines": {
        "node": ">= 10"
      }
    },
    "node_modules/@node-rs/argon2-win32-ia32-msvc": {
      "version": "1.3.0",
      "resolved": "https://registry.npmjs.org/@node-rs/argon2-win32-ia32-msvc/-/argon2-win32-ia32-msvc-1.3.0.tgz",
      "integrity": "sha512-hxpP+GNzzzaSe5h4144LnW6vLjTzc8twqmycoeSd5XNFIcafWy0sfxyJBI8oLcuX83dd16AlYUbL9jtOer2v6Q==",
      "cpu": [
        "ia32"
      ],
      "optional": true,
      "os": [
        "win32"
      ],
      "engines": {
        "node": ">= 10"
      }
    },
    "node_modules/@node-rs/argon2-win32-x64-msvc": {
      "version": "1.3.0",
      "resolved": "https://registry.npmjs.org/@node-rs/argon2-win32-x64-msvc/-/argon2-win32-x64-msvc-1.3.0.tgz",
      "integrity": "sha512-/i6J0qIBqm1L8eqdMCR2L2KJtEtuRRcY33Li4+Vl/WW53xrMzI4WNqTbKvxZAgQU/RUsRfsmu/0AEITB+0hGcg==",
      "cpu": [
        "x64"
      ],
      "optional": true,
      "os": [
        "win32"
      ],
      "engines": {
        "node": ">= 10"
      }
    }
  }
}
