{
  "name": "@1auth/store-memory",
  "version": "0.0.0-alpha.2",
  "lockfileVersion": 3,
  "requires": true,
  "packages": {
    "": {
      "name": "@1auth/store-memory",
      "version": "0.0.0-alpha.2",
      "license": "MIT",
      "engines": {
        "node": ">=16"
      },
      "funding": {
        "type": "github",
        "url": "https://github.com/sponsors/willfarrell"
      }
    }
  }
}
